<?xml version="1.0" encoding="utf-8"?>
<Project ToolsVersion="4.0" xmlns="http://schemas.microsoft.com/developer/msbuild/2003">
  <ItemGroup>
    <Filter Include="源文件">
      <UniqueIdentifier>{4FC737F1-C7A5-4376-A066-2A32D752A2FF}</UniqueIdentifier>
      <Extensions>cpp;c;cc;cxx;def;odl;idl;hpj;bat;asm;asmx</Extensions>
    </Filter>
    <Filter Include="头文件">
      <UniqueIdentifier>{93995380-89BD-4b04-88EB-625FBE52EBFB}</UniqueIdentifier>
      <Extensions>h;hh;hpp;hxx;hm;inl;inc;ipp;xsd</Extensions>
    </Filter>
    <Filter Include="资源文件">
      <UniqueIdentifier>{67DA6AB6-F800-4c08-8B7A-83BB121AAD01}</UniqueIdentifier>
      <Extensions>rc;ico;cur;bmp;dlg;rc2;rct;bin;rgs;gif;jpg;jpeg;jpe;resx;tiff;tif;png;wav;mfcribbon-ms</Extensions>
    </Filter>
  </ItemGroup>
  <ItemGroup>
    <ClInclude Include="Test.h">
      <Filter>头文件</Filter>
    </ClInclude>
    <ClInclude Include="Config.h">
      <Filter>头文件</Filter>
    </ClInclude>
    <ClInclude Include="Alloc.h">
      <Filter>头文件</Filter>
    </ClInclude>
    <ClInclude Include="Array.h">
      <Filter>头文件</Filter>
    </ClInclude>
    <ClInclude Include="Atomic.h">
      <Filter>头文件</Filter>
    </ClInclude>
    <ClInclude Include="Buf.h">
      <Filter>头文件</Filter>
    </ClInclude>
    <ClInclude Include="Conf_File.h">
      <Filter>头文件</Filter>
    </ClInclude>
    <ClInclude Include="Crc32.h">
      <Filter>头文件</Filter>
    </ClInclude>
    <ClInclude Include="Errno.h">
      <Filter>头文件</Filter>
    </ClInclude>
    <ClInclude Include="File.h">
      <Filter>头文件</Filter>
    </ClInclude>
    <ClInclude Include="Files.h">
      <Filter>头文件</Filter>
    </ClInclude>
    <ClInclude Include="Inet.h">
      <Filter>头文件</Filter>
    </ClInclude>
    <ClInclude Include="List.h">
      <Filter>头文件</Filter>
    </ClInclude>
    <ClInclude Include="Log.h">
      <Filter>头文件</Filter>
    </ClInclude>
    <ClInclude Include="Origin.h">
      <Filter>头文件</Filter>
    </ClInclude>
    <ClInclude Include="Os.h">
      <Filter>头文件</Filter>
    </ClInclude>
    <ClInclude Include="Palloc.h">
      <Filter>头文件</Filter>
    </ClInclude>
    <ClInclude Include="Parse.h">
      <Filter>头文件</Filter>
    </ClInclude>
    <ClInclude Include="Process.h">
      <Filter>头文件</Filter>
    </ClInclude>
    <ClInclude Include="Queue.h">
      <Filter>头文件</Filter>
    </ClInclude>
    <ClInclude Include="Rbtree.h">
      <Filter>头文件</Filter>
    </ClInclude>
    <ClInclude Include="String.h">
      <Filter>头文件</Filter>
    </ClInclude>
    <ClInclude Include="Syslog.h">
      <Filter>头文件</Filter>
    </ClInclude>
    <ClInclude Include="Thread.h">
      <Filter>头文件</Filter>
    </ClInclude>
    <ClInclude Include="Time.h">
      <Filter>头文件</Filter>
    </ClInclude>
    <ClInclude Include="Times.h">
      <Filter>头文件</Filter>
    </ClInclude>
    <ClInclude Include="User.h">
      <Filter>头文件</Filter>
    </ClInclude>
    <ClInclude Include="Win_Config.h">
      <Filter>头文件</Filter>
    </ClInclude>
    <ClInclude Include="Win_Const.h">
      <Filter>头文件</Filter>
    </ClInclude>
    <ClInclude Include="Process_cycle.h">
      <Filter>头文件</Filter>
    </ClInclude>
    <ClInclude Include="Win_Auto_Config.h">
      <Filter>头文件</Filter>
    </ClInclude>
  </ItemGroup>
  <ItemGroup>
    <ClCompile Include="ConsoleApplication1.cpp">
      <Filter>源文件</Filter>
    </ClCompile>
    <ClCompile Include="Test.c">
      <Filter>源文件</Filter>
    </ClCompile>
  </ItemGroup>
</Project>